PODS:
  - Bugsnag (6.33.1)
  - bugsnag_flutter (0.0.1):
    - Bugsnag (= 6.33.1)
    - Flutter
  - face_count (0.0.1):
    - Flutter
  - Flutter (1.0.0)
  - flutter_zxing (0.0.1):
    - Flutter
  - printing (1.0.0):
    - Flutter

DEPENDENCIES:
  - bugsnag_flutter (from `.symlinks/plugins/bugsnag_flutter/ios`)
  - face_count (from `.symlinks/plugins/face_count/ios`)
  - Flutter (from `Flutter`)
  - flutter_zxing (from `.symlinks/plugins/flutter_zxing/ios`)
  - printing (from `.symlinks/plugins/printing/ios`)

SPEC REPOS:
  trunk:
    - Bugsnag

EXTERNAL SOURCES:
  bugsnag_flutter:
    :path: ".symlinks/plugins/bugsnag_flutter/ios"
  face_count:
    :path: ".symlinks/plugins/face_count/ios"
  Flutter:
    :path: Flutter
  flutter_zxing:
    :path: ".symlinks/plugins/flutter_zxing/ios"
  printing:
    :path: ".symlinks/plugins/printing/ios"

SPEC CHECKSUMS:
  Bugsnag: d18997d2f7d437879752a9f938d1e7fe54df0a6a
  bugsnag_flutter: 837a55adf6451ca88fb085aff6c3285ca70ccba0
  face_count: 26281dd120bc956e237458cfa371b7f6eb885a98
  Flutter: cabc95a1d2626b1b06e7179b784ebcf0c0cde467
  flutter_zxing: e8bcc43bd3056c70c271b732ed94e7a16fd62f93
  printing: 54ff03f28fe9ba3aa93358afb80a8595a071dd07

PODFILE CHECKSUM: 7669aec6e273c110095f4ec42302ea3815b87204

COCOAPODS: 1.16.2
